<?xml version="1.0" encoding="utf-8"?>
<Project ToolsVersion="4.0" xmlns="http://schemas.microsoft.com/developer/msbuild/2003">
  <ItemGroup>
    <Filter Include="소스 파일">
      <UniqueIdentifier>{4FC737F1-C7A5-4376-A066-2A32D752A2FF}</UniqueIdentifier>
      <Extensions>cpp;c;cc;cxx;c++;cppm;ixx;def;odl;idl;hpj;bat;asm;asmx</Extensions>
    </Filter>
    <Filter Include="헤더 파일">
      <UniqueIdentifier>{93995380-89BD-4b04-88EB-625FBE52EBFB}</UniqueIdentifier>
      <Extensions>h;hh;hpp;hxx;h++;hm;inl;inc;ipp;xsd</Extensions>
    </Filter>
    <Filter Include="리소스 파일">
      <UniqueIdentifier>{67DA6AB6-F800-4c08-8B7A-83BB121AAD01}</UniqueIdentifier>
      <Extensions>rc;ico;cur;bmp;dlg;rc2;rct;bin;rgs;gif;jpg;jpeg;jpe;resx;tiff;tif;png;wav;mfcribbon-ms</Extensions>
    </Filter>
    <Filter Include="소스 파일\Shader">
      <UniqueIdentifier>{7beaad34-a616-4131-8ea3-c1ebd73996ca}</UniqueIdentifier>
    </Filter>
    <Filter Include="소스 파일\Utils">
      <UniqueIdentifier>{9ca2da0c-254d-40aa-aa1b-c69fe6017ae3}</UniqueIdentifier>
    </Filter>
    <Filter Include="소스 파일\Object">
      <UniqueIdentifier>{323a2571-9084-4dbe-93d7-c275e0dda1ec}</UniqueIdentifier>
    </Filter>
    <Filter Include="헤더 파일\Object">
      <UniqueIdentifier>{aaadfbb9-7228-4fc6-b46a-1e32e8f68911}</UniqueIdentifier>
    </Filter>
    <Filter Include="헤더 파일\Utils">
      <UniqueIdentifier>{33dfadb4-5bad-4eef-b72c-cd922cfcf12e}</UniqueIdentifier>
    </Filter>
    <Filter Include="소스 파일\Collision">
      <UniqueIdentifier>{dd036cfd-f9fb-4b12-b02f-8ab4084b1e4f}</UniqueIdentifier>
    </Filter>
    <Filter Include="헤더 파일\Collision">
      <UniqueIdentifier>{f406ff29-f66e-4678-af4d-4ec13fd92162}</UniqueIdentifier>
    </Filter>
    <Filter Include="헤더 파일\Dynamics">
      <UniqueIdentifier>{c711d230-8373-4f68-ae9c-57061a33879c}</UniqueIdentifier>
    </Filter>
  </ItemGroup>
  <ItemGroup>
    <ClCompile Include="main.cpp">
      <Filter>소스 파일</Filter>
    </ClCompile>
    <ClCompile Include="glad.c">
      <Filter>소스 파일</Filter>
    </ClCompile>
    <ClCompile Include="Shader.cpp">
      <Filter>소스 파일\Utils</Filter>
    </ClCompile>
    <ClCompile Include="Sphere.cpp">
      <Filter>소스 파일\Object</Filter>
    </ClCompile>
    <ClCompile Include="Camera.h">
      <Filter>헤더 파일\Utils</Filter>
    </ClCompile>
    <ClCompile Include="Object.cpp">
      <Filter>소스 파일\Object</Filter>
    </ClCompile>
    <ClCompile Include="Plane.cpp">
      <Filter>소스 파일\Object</Filter>
    </ClCompile>
    <ClCompile Include="PhysicsEngine.cpp">
      <Filter>소스 파일</Filter>
    </ClCompile>
    <ClCompile Include="Simplex.cpp">
      <Filter>소스 파일\Collision</Filter>
    </ClCompile>
    <ClCompile Include="MeshCollider.cpp">
      <Filter>소스 파일\Collision</Filter>
    </ClCompile>
    <ClCompile Include="AABB.cpp">
      <Filter>소스 파일</Filter>
    </ClCompile>
    <ClCompile Include="Rigidbody.cpp">
      <Filter>소스 파일</Filter>
    </ClCompile>
  </ItemGroup>
  <ItemGroup>
    <ClInclude Include="main.h">
      <Filter>헤더 파일</Filter>
    </ClInclude>
    <ClInclude Include="Object.h">
      <Filter>헤더 파일\Object</Filter>
    </ClInclude>
    <ClInclude Include="Sphere.h">
      <Filter>헤더 파일\Object</Filter>
    </ClInclude>
    <ClInclude Include="Shader.h">
      <Filter>헤더 파일\Utils</Filter>
    </ClInclude>
    <ClInclude Include="Plane.h">
      <Filter>헤더 파일\Object</Filter>
    </ClInclude>
    <ClInclude Include="Objects.h">
      <Filter>헤더 파일\Object</Filter>
    </ClInclude>
    <ClInclude Include="PhysicsEngine.h">
      <Filter>헤더 파일</Filter>
    </ClInclude>
    <ClInclude Include="Simplex.h">
      <Filter>헤더 파일\Collision</Filter>
    </ClInclude>
    <ClInclude Include="MeshCollider.h">
      <Filter>헤더 파일\Collision</Filter>
    </ClInclude>
    <ClInclude Include="Rigidbody.h">
      <Filter>헤더 파일</Filter>
    </ClInclude>
    <ClInclude Include="AABB.h">
      <Filter>헤더 파일\Collision</Filter>
    </ClInclude>
  </ItemGroup>
  <ItemGroup>
    <Text Include="fragmentShader.fs">
      <Filter>소스 파일\Shader</Filter>
    </Text>
    <Text Include="lampFragmentShader.fs">
      <Filter>소스 파일\Shader</Filter>
    </Text>
    <Text Include="vertexShader.vs">
      <Filter>소스 파일\Shader</Filter>
    </Text>
  </ItemGroup>
  <ItemGroup>
    <Image Include="Resources\container.jpg">
      <Filter>리소스 파일</Filter>
    </Image>
    <Image Include="Resources\awesomeface.png">
      <Filter>리소스 파일</Filter>
    </Image>
  </ItemGroup>
</Project>